github.com/bodrovis/lokalise-actions-common/v2 v2.5.0 h1:PypnmylbpBd8pXGEgR9CCUjJCsPf8cci4E7Hbuxi2jc=
github.com/bodrovis/lokalise-actions-common/v2 v2.5.0/go.mod h1:fE6mqYujDZMJlJ3HI10pZJ21CwIz+SGS+K1uC05y+n0=
github.com/bodrovis/lokex/v2 v2.0.0 h1:A/yzgTXqWbfADoJLk7PZxBI5ZATzgZTQvKQagbFnxhc=
github.com/bodrovis/lokex/v2 v2.0.0/go.mod h1:88bP/GAxKmO73btLs8TzrEjc8tm+w9DGvx3Q0CPgaiI=
github.com/jarcoal/httpmock v1.4.1 h1:0Ju+VCFuARfFlhVXFc2HxlcQkfB+Xq12/EotHko+x2A=
github.com/jarcoal/httpmock v1.4.1/go.mod h1:ftW1xULwo+j0R0JJkJIIi7UKigZUXCLLanykgjwBXL0=
github.com/joho/godotenv v1.5.1 h1:7eLL/+HRGLY0ldzfGMeQkb7vMd0as4CfYvUVzLqw0N0=
github.com/joho/godotenv v1.5.1/go.mod h1:f4LDr5Voq0i2e/R5DDNOoa2zzDfwtkZa6DnEwAbqwq4=
go.yaml.in/yaml/v4 v4.0.0-rc.4 h1:UP4+v6fFrBIb1l934bDl//mmnoIZEDK0idg1+AIvX5U=
go.yaml.in/yaml/v4 v4.0.0-rc.4/go.mod h1:aZqd9kCMsGL7AuUv/m/PvWLdg5sjJsZ4oHDEnfPPfY0=
golang.org/x/sync v0.19.0 h1:vV+1eWNmZ5geRlYjzm2adRgW2/mcpevXNg50YZtPCE4=
golang.org/x/sync v0.19.0/go.mod h1:9KTHXmSnoGruLpwFjVSX0lNNA75CykiMECbovNTZqGI=
