github.com/bodrovis/lokalise-actions-common/v2 v2.4.1 h1:4yYE24BCs2sA+88Ue5zmrgK03bE263VMzqCQSPRS6ww=
github.com/bodrovis/lokalise-actions-common/v2 v2.4.1/go.mod h1:b9djsJJBTTgjR6VOpUGhxya9F44voAKgLyBQaISk1rE=
github.com/bodrovis/lokex/v2 v2.0.0 h1:A/yzgTXqWbfADoJLk7PZxBI5ZATzgZTQvKQagbFnxhc=
github.com/bodrovis/lokex/v2 v2.0.0/go.mod h1:88bP/GAxKmO73btLs8TzrEjc8tm+w9DGvx3Q0CPgaiI=
github.com/jarcoal/httpmock v1.4.1 h1:0Ju+VCFuARfFlhVXFc2HxlcQkfB+Xq12/EotHko+x2A=
github.com/jarcoal/httpmock v1.4.1/go.mod h1:ftW1xULwo+j0R0JJkJIIi7UKigZUXCLLanykgjwBXL0=
github.com/joho/godotenv v1.5.1 h1:7eLL/+HRGLY0ldzfGMeQkb7vMd0as4CfYvUVzLqw0N0=
github.com/joho/godotenv v1.5.1/go.mod h1:f4LDr5Voq0i2e/R5DDNOoa2zzDfwtkZa6DnEwAbqwq4=
golang.org/x/sync v0.19.0 h1:vV+1eWNmZ5geRlYjzm2adRgW2/mcpevXNg50YZtPCE4=
golang.org/x/sync v0.19.0/go.mod h1:9KTHXmSnoGruLpwFjVSX0lNNA75CykiMECbovNTZqGI=
