github.com/bodrovis/lokalise-actions-common v0.0.0-20241108132327-9fd58feb3433 h1:mZto7xhDD+BP0b/8YOlWKHvk6u4AORynNqGZWRcKWgs=
github.com/bodrovis/lokalise-actions-common v0.0.0-20241108132327-9fd58feb3433/go.mod h1:yVhX1+ARn5SupEKVqxLq37bkhRDzD8vQG4jPrNGnxq8=
github.com/bodrovis/lokalise-actions-common v1.0.0 h1:tqkwMMmrL+zL2gpRn4I/70Ow7fGaqgxfRQu8evNpjzM=
github.com/bodrovis/lokalise-actions-common v1.0.0/go.mod h1:yVhX1+ARn5SupEKVqxLq37bkhRDzD8vQG4jPrNGnxq8=
