github.com/bmatcuk/doublestar/v4 v4.9.1 h1:X8jg9rRZmJd4yRy7ZeNDRnM+T3ZfHv15JiBJ/avrEXE=
github.com/bmatcuk/doublestar/v4 v4.9.1/go.mod h1:xBQ8jztBU6kakFMg+8WGxn0c6z1fTSPVIjEY1Wr7jzc=
github.com/bodrovis/lokalise-actions-common/v2 v2.4.1 h1:4yYE24BCs2sA+88Ue5zmrgK03bE263VMzqCQSPRS6ww=
github.com/bodrovis/lokalise-actions-common/v2 v2.4.1/go.mod h1:b9djsJJBTTgjR6VOpUGhxya9F44voAKgLyBQaISk1rE=
